// !$*UTF8*$!
{
	archiveVersion = 1;
	classes = {
	};
	objectVersion = 48;
	objects = {

/* Begin PBXBuildFile section */
		A7DE13B5206BDA4500C3E584 /* AppDelegate.swift in Sources */ = {isa = PBXBuildFile; fileRef = A7DE13B4206BDA4500C3E584 /* AppDelegate.swift */; };
		A7DE13B7206BDA4500C3E584 /* TodoListViewController.swift in Sources */ = {isa = PBXBuildFile; fileRef = A7DE13B6206BDA4500C3E584 /* TodoListViewController.swift */; };
		A7DE13BA206BDA4500C3E584 /* Main.storyboard in Resources */ = {isa = PBXBuildFile; fileRef = A7DE13B8206BDA4500C3E584 /* Main.storyboard */; };
		A7DE13BC206BDA4500C3E584 /* Assets.xcassets in Resources */ = {isa = PBXBuildFile; fileRef = A7DE13BB206BDA4500C3E584 /* Assets.xcassets */; };
		A7DE13BF206BDA4500C3E584 /* LaunchScreen.storyboard in Resources */ = {isa = PBXBuildFile; fileRef = A7DE13BD206BDA4500C3E584 /* LaunchScreen.storyboard */; };
		A7FEAA3F2073D34A00672897 /* DataModel.xcdatamodeld in Sources */ = {isa = PBXBuildFile; fileRef = A7FEAA3D2073D34A00672897 /* DataModel.xcdatamodeld */; };
		A7FEAA642075031E00672897 /* CategoryViewController.swift in Sources */ = {isa = PBXBuildFile; fileRef = A7FEAA632075031E00672897 /* CategoryViewController.swift */; };
/* End PBXBuildFile section */

/* Begin PBXFileReference section */
		A7DE13B1206BDA4500C3E584 /* Todoey.app */ = {isa = PBXFileReference; explicitFileType = wrapper.application; includeInIndex = 0; path = Todoey.app; sourceTree = BUILT_PRODUCTS_DIR; };
		A7DE13B4206BDA4500C3E584 /* AppDelegate.swift */ = {isa = PBXFileReference; lastKnownFileType = sourcecode.swift; path = AppDelegate.swift; sourceTree = "<group>"; };
		A7DE13B6206BDA4500C3E584 /* TodoListViewController.swift */ = {isa = PBXFileReference; lastKnownFileType = sourcecode.swift; path = TodoListViewController.swift; sourceTree = "<group>"; };
		A7DE13B9206BDA4500C3E584 /* Base */ = {isa = PBXFileReference; lastKnownFileType = file.storyboard; name = Base; path = Base.lproj/Main.storyboard; sourceTree = "<group>"; };
		A7DE13BB206BDA4500C3E584 /* Assets.xcassets */ = {isa = PBXFileReference; lastKnownFileType = folder.assetcatalog; path = Assets.xcassets; sourceTree = "<group>"; };
		A7DE13BE206BDA4500C3E584 /* Base */ = {isa = PBXFileReference; lastKnownFileType = file.storyboard; name = Base; path = Base.lproj/LaunchScreen.storyboard; sourceTree = "<group>"; };
		A7DE13C0206BDA4600C3E584 /* Info.plist */ = {isa = PBXFileReference; lastKnownFileType = text.plist.xml; path = Info.plist; sourceTree = "<group>"; };
		A7FEAA3E2073D34A00672897 /* DataModel.xcdatamodel */ = {isa = PBXFileReference; lastKnownFileType = wrapper.xcdatamodel; path = DataModel.xcdatamodel; sourceTree = "<group>"; };
		A7FEAA632075031E00672897 /* CategoryViewController.swift */ = {isa = PBXFileReference; lastKnownFileType = sourcecode.swift; path = CategoryViewController.swift; sourceTree = "<group>"; };
/* End PBXFileReference section */

/* Begin PBXFrameworksBuildPhase section */
		A7DE13AE206BDA4500C3E584 /* Frameworks */ = {
			isa = PBXFrameworksBuildPhase;
			buildActionMask = 2147483647;
			files = (
			);
			runOnlyForDeploymentPostprocessing = 0;
		};
/* End PBXFrameworksBuildPhase section */

/* Begin PBXGroup section */
		A7DE13A8206BDA4500C3E584 = {
			isa = PBXGroup;
			children = (
				A7DE13B3206BDA4500C3E584 /* Todoey */,
				A7DE13B2206BDA4500C3E584 /* Products */,
			);
			sourceTree = "<group>";
		};
		A7DE13B2206BDA4500C3E584 /* Products */ = {
			isa = PBXGroup;
			children = (
				A7DE13B1206BDA4500C3E584 /* Todoey.app */,
			);
			name = Products;
			sourceTree = "<group>";
		};
		A7DE13B3206BDA4500C3E584 /* Todoey */ = {
			isa = PBXGroup;
			children = (
				A7FEAA3720737DFB00672897 /* Model */,
				A7FEAA3620737DF000672897 /* View */,
				A7FEAA3520737DE100672897 /* Controller */,
				A7FEAA3820737E1100672897 /* Supporting Files */,
			);
			path = Todoey;
			sourceTree = "<group>";
		};
		A7FEAA3520737DE100672897 /* Controller */ = {
			isa = PBXGroup;
			children = (
				A7FEAA632075031E00672897 /* CategoryViewController.swift */,
				A7DE13B6206BDA4500C3E584 /* TodoListViewController.swift */,
			);
			path = Controller;
			sourceTree = "<group>";
		};
		A7FEAA3620737DF000672897 /* View */ = {
			isa = PBXGroup;
			children = (
				A7DE13B8206BDA4500C3E584 /* Main.storyboard */,
				A7DE13BD206BDA4500C3E584 /* LaunchScreen.storyboard */,
			);
			path = View;
			sourceTree = "<group>";
		};
		A7FEAA3720737DFB00672897 /* Model */ = {
			isa = PBXGroup;
			children = (
				A7FEAA3D2073D34A00672897 /* DataModel.xcdatamodeld */,
			);
			path = Model;
			sourceTree = "<group>";
		};
		A7FEAA3820737E1100672897 /* Supporting Files */ = {
			isa = PBXGroup;
			children = (
				A7DE13B4206BDA4500C3E584 /* AppDelegate.swift */,
				A7DE13BB206BDA4500C3E584 /* Assets.xcassets */,
				A7DE13C0206BDA4600C3E584 /* Info.plist */,
			);
			path = "Supporting Files";
			sourceTree = "<group>";
		};
/* End PBXGroup section */

/* Begin PBXNativeTarget section */
		A7DE13B0206BDA4500C3E584 /* Todoey */ = {
			isa = PBXNativeTarget;
			buildConfigurationList = A7DE13C3206BDA4600C3E584 /* Build configuration list for PBXNativeTarget "Todoey" */;
			buildPhases = (
				A7DE13AD206BDA4500C3E584 /* Sources */,
				A7DE13AE206BDA4500C3E584 /* Frameworks */,
				A7DE13AF206BDA4500C3E584 /* Resources */,
			);
			buildRules = (
			);
			dependencies = (
			);
			name = Todoey;
			productName = Todoey;
			productReference = A7DE13B1206BDA4500C3E584 /* Todoey.app */;
			productType = "com.apple.product-type.application";
		};
/* End PBXNativeTarget section */

/* Begin PBXProject section */
		A7DE13A9206BDA4500C3E584 /* Project object */ = {
			isa = PBXProject;
			attributes = {
				LastSwiftUpdateCheck = 0920;
				LastUpgradeCheck = 0920;
				ORGANIZATIONNAME = "Marion FANJAUD";
				TargetAttributes = {
					A7DE13B0206BDA4500C3E584 = {
						CreatedOnToolsVersion = 9.2;
						ProvisioningStyle = Automatic;
					};
				};
			};
			buildConfigurationList = A7DE13AC206BDA4500C3E584 /* Build configuration list for PBXProject "Todoey" */;
			compatibilityVersion = "Xcode 8.0";
			developmentRegion = en;
			hasScannedForEncodings = 0;
			knownRegions = (
				en,
				Base,
			);
			mainGroup = A7DE13A8206BDA4500C3E584;
			productRefGroup = A7DE13B2206BDA4500C3E584 /* Products */;
			projectDirPath = "";
			projectRoot = "";
			targets = (
				A7DE13B0206BDA4500C3E584 /* Todoey */,
			);
		};
/* End PBXProject section */

/* Begin PBXResourcesBuildPhase section */
		A7DE13AF206BDA4500C3E584 /* Resources */ = {
			isa = PBXResourcesBuildPhase;
			buildActionMask = 2147483647;
			files = (
				A7DE13BF206BDA4500C3E584 /* LaunchScreen.storyboard in Resources */,
				A7DE13BC206BDA4500C3E584 /* Assets.xcassets in Resources */,
				A7DE13BA206BDA4500C3E584 /* Main.storyboard in Resources */,
			);
			runOnlyForDeploymentPostprocessing = 0;
		};
/* End PBXResourcesBuildPhase section */

/* Begin PBXSourcesBuildPhase section */
		A7DE13AD206BDA4500C3E584 /* Sources */ = {
			isa = PBXSourcesBuildPhase;
			buildActionMask = 2147483647;
			files = (
				A7FEAA642075031E00672897 /* CategoryViewController.swift in Sources */,
				A7DE13B7206BDA4500C3E584 /* TodoListViewController.swift in Sources */,
				A7FEAA3F2073D34A00672897 /* DataModel.xcdatamodeld in Sources */,
				A7DE13B5206BDA4500C3E584 /* AppDelegate.swift in Sources */,
			);
			runOnlyForDeploymentPostprocessing = 0;
		};
/* End PBXSourcesBuildPhase section */

/* Begin PBXVariantGroup section */
		A7DE13B8206BDA4500C3E584 /* Main.storyboard */ = {
			isa = PBXVariantGroup;
			children = (
				A7DE13B9206BDA4500C3E584 /* Base */,
			);
			name = Main.storyboard;
			sourceTree = "<group>";
		};
		A7DE13BD206BDA4500C3E584 /* LaunchScreen.storyboard */ = {
			isa = PBXVariantGroup;
			children = (
				A7DE13BE206BDA4500C3E584 /* Base */,
			);
			name = LaunchScreen.storyboard;
			sourceTree = "<group>";
		};
/* End PBXVariantGroup section */

/* Begin XCBuildConfiguration section */
		A7DE13C1206BDA4600C3E584 /* Debug */ = {
			isa = XCBuildConfiguration;
			buildSettings = {
				ALWAYS_SEARCH_USER_PATHS = NO;
				CLANG_ANALYZER_NONNULL = YES;
				CLANG_ANALYZER_NUMBER_OBJECT_CONVERSION = YES_AGGRESSIVE;
				CLANG_CXX_LANGUAGE_STANDARD = "gnu++14";
				CLANG_CXX_LIBRARY = "libc++";
				CLANG_ENABLE_MODULES = YES;
				CLANG_ENABLE_OBJC_ARC = YES;
				CLANG_WARN_BLOCK_CAPTURE_AUTORELEASING = YES;
				CLANG_WARN_BOOL_CONVERSION = YES;
				CLANG_WARN_COMMA = YES;
				CLANG_WARN_CONSTANT_CONVERSION = YES;
				CLANG_WARN_DIRECT_OBJC_ISA_USAGE = YES_ERROR;
				CLANG_WARN_DOCUMENTATION_COMMENTS = YES;
				CLANG_WARN_EMPTY_BODY = YES;
				CLANG_WARN_ENUM_CONVERSION = YES;
				CLANG_WARN_INFINITE_RECURSION = YES;
				CLANG_WARN_INT_CONVERSION = YES;
				CLANG_WARN_NON_LITERAL_NULL_CONVERSION = YES;
				CLANG_WARN_OBJC_LITERAL_CONVERSION = YES;
				CLANG_WARN_OBJC_ROOT_CLASS = YES_ERROR;
				CLANG_WARN_RANGE_LOOP_ANALYSIS = YES;
				CLANG_WARN_STRICT_PROTOTYPES = YES;
				CLANG_WARN_SUSPICIOUS_MOVE = YES;
				CLANG_WARN_UNGUARDED_AVAILABILITY = YES_AGGRESSIVE;
				CLANG_WARN_UNREACHABLE_CODE = YES;
				CLANG_WARN__DUPLICATE_METHOD_MATCH = YES;
				CODE_SIGN_IDENTITY = "iPhone Developer";
				COPY_PHASE_STRIP = NO;
				DEBUG_INFORMATION_FORMAT = dwarf;
				ENABLE_STRICT_OBJC_MSGSEND = YES;
				ENABLE_TESTABILITY = YES;
				GCC_C_LANGUAGE_STANDARD = gnu11;
				GCC_DYNAMIC_NO_PIC = NO;
				GCC_NO_COMMON_BLOCKS = YES;
				GCC_OPTIMIZATION_LEVEL = 0;
				GCC_PREPROCESSOR_DEFINITIONS = (
					"DEBUG=1",
					"$(inherited)",
				);
				GCC_WARN_64_TO_32_BIT_CONVERSION = YES;
				GCC_WARN_ABOUT_RETURN_TYPE = YES_ERROR;
				GCC_WARN_UNDECLARED_SELECTOR = YES;
				GCC_WARN_UNINITIALIZED_AUTOS = YES_AGGRESSIVE;
				GCC_WARN_UNUSED_FUNCTION = YES;
				GCC_WARN_UNUSED_VARIABLE = YES;
				IPHONEOS_DEPLOYMENT_TARGET = 11.2;
				MTL_ENABLE_DEBUG_INFO = YES;
				ONLY_ACTIVE_ARCH = YES;
				SDKROOT = iphoneos;
				SWIFT_ACTIVE_COMPILATION_CONDITIONS = DEBUG;
				SWIFT_OPTIMIZATION_LEVEL = "-Onone";
			};
			name = Debug;
		};
		A7DE13C2206BDA4600C3E584 /* Release */ = {
			isa = XCBuildConfiguration;
			buildSettings = {
				ALWAYS_SEARCH_USER_PATHS = NO;
				CLANG_ANALYZER_NONNULL = YES;
				CLANG_ANALYZER_NUMBER_OBJECT_CONVERSION = YES_AGGRESSIVE;
				CLANG_CXX_LANGUAGE_STANDARD = "gnu++14";
				CLANG_CXX_LIBRARY = "libc++";
				CLANG_ENABLE_MODULES = YES;
				CLANG_ENABLE_OBJC_ARC = YES;
				CLANG_WARN_BLOCK_CAPTURE_AUTORELEASING = YES;
				CLANG_WARN_BOOL_CONVERSION = YES;
				CLANG_WARN_COMMA = YES;
				CLANG_WARN_CONSTANT_CONVERSION = YES;
				CLANG_WARN_DIRECT_OBJC_ISA_USAGE = YES_ERROR;
				CLANG_WARN_DOCUMENTATION_COMMENTS = YES;
				CLANG_WARN_EMPTY_BODY = YES;
				CLANG_WARN_ENUM_CONVERSION = YES;
				CLANG_WARN_INFINITE_RECURSION = YES;
				CLANG_WARN_INT_CONVERSION = YES;
				CLANG_WARN_NON_LITERAL_NULL_CONVERSION = YES;
				CLANG_WARN_OBJC_LITERAL_CONVERSION = YES;
				CLANG_WARN_OBJC_ROOT_CLASS = YES_ERROR;
				CLANG_WARN_RANGE_LOOP_ANALYSIS = YES;
				CLANG_WARN_STRICT_PROTOTYPES = YES;
				CLANG_WARN_SUSPICIOUS_MOVE = YES;
				CLANG_WARN_UNGUARDED_AVAILABILITY = YES_AGGRESSIVE;
				CLANG_WARN_UNREACHABLE_CODE = YES;
				CLANG_WARN__DUPLICATE_METHOD_MATCH = YES;
				CODE_SIGN_IDENTITY = "iPhone Developer";
				COPY_PHASE_STRIP = NO;
				DEBUG_INFORMATION_FORMAT = "dwarf-with-dsym";
				ENABLE_NS_ASSERTIONS = NO;
				ENABLE_STRICT_OBJC_MSGSEND = YES;
				GCC_C_LANGUAGE_STANDARD = gnu11;
				GCC_NO_COMMON_BLOCKS = YES;
				GCC_WARN_64_TO_32_BIT_CONVERSION = YES;
				GCC_WARN_ABOUT_RETURN_TYPE = YES_ERROR;
				GCC_WARN_UNDECLARED_SELECTOR = YES;
				GCC_WARN_UNINITIALIZED_AUTOS = YES_AGGRESSIVE;
				GCC_WARN_UNUSED_FUNCTION = YES;
				GCC_WARN_UNUSED_VARIABLE = YES;
				IPHONEOS_DEPLOYMENT_TARGET = 11.2;
				MTL_ENABLE_DEBUG_INFO = NO;
				SDKROOT = iphoneos;
				SWIFT_OPTIMIZATION_LEVEL = "-Owholemodule";
				VALIDATE_PRODUCT = YES;
			};
			name = Release;
		};
		A7DE13C4206BDA4600C3E584 /* Debug */ = {
			isa = XCBuildConfiguration;
			buildSettings = {
				ASSETCATALOG_COMPILER_APPICON_NAME = AppIcon;
				CODE_SIGN_STYLE = Automatic;
				DEVELOPMENT_TEAM = VFR257B7LK;
				INFOPLIST_FILE = "$(SRCROOT)/Todoey/Supporting Files/Info.plist";
				LD_RUNPATH_SEARCH_PATHS = "$(inherited) @executable_path/Frameworks";
				PRODUCT_BUNDLE_IDENTIFIER = fr.marionfanjaud.Todoey;
				PRODUCT_NAME = "$(TARGET_NAME)";
				SWIFT_VERSION = 4.0;
				TARGETED_DEVICE_FAMILY = "1,2";
			};
			name = Debug;
		};
		A7DE13C5206BDA4600C3E584 /* Release */ = {
			isa = XCBuildConfiguration;
			buildSettings = {
				ASSETCATALOG_COMPILER_APPICON_NAME = AppIcon;
				CODE_SIGN_STYLE = Automatic;
				DEVELOPMENT_TEAM = VFR257B7LK;
				INFOPLIST_FILE = "$(SRCROOT)/Todoey/Supporting Files/Info.plist";
				LD_RUNPATH_SEARCH_PATHS = "$(inherited) @executable_path/Frameworks";
				PRODUCT_BUNDLE_IDENTIFIER = fr.marionfanjaud.Todoey;
				PRODUCT_NAME = "$(TARGET_NAME)";
				SWIFT_VERSION = 4.0;
				TARGETED_DEVICE_FAMILY = "1,2";
			};
			name = Release;
		};
/* End XCBuildConfiguration section */

/* Begin XCConfigurationList section */
		A7DE13AC206BDA4500C3E584 /* Build configuration list for PBXProject "Todoey" */ = {
			isa = XCConfigurationList;
			buildConfigurations = (
				A7DE13C1206BDA4600C3E584 /* Debug */,
				A7DE13C2206BDA4600C3E584 /* Release */,
			);
			defaultConfigurationIsVisible = 0;
			defaultConfigurationName = Release;
		};
		A7DE13C3206BDA4600C3E584 /* Build configuration list for PBXNativeTarget "Todoey" */ = {
			isa = XCConfigurationList;
			buildConfigurations = (
				A7DE13C4206BDA4600C3E584 /* Debug */,
				A7DE13C5206BDA4600C3E584 /* Release */,
			);
			defaultConfigurationIsVisible = 0;
			defaultConfigurationName = Release;
		};
/* End XCConfigurationList section */

/* Begin XCVersionGroup section */
		A7FEAA3D2073D34A00672897 /* DataModel.xcdatamodeld */ = {
			isa = XCVersionGroup;
			children = (
				A7FEAA3E2073D34A00672897 /* DataModel.xcdatamodel */,
			);
			currentVersion = A7FEAA3E2073D34A00672897 /* DataModel.xcdatamodel */;
			path = DataModel.xcdatamodeld;
			sourceTree = "<group>";
			versionGroupType = wrapper.xcdatamodel;
		};
/* End XCVersionGroup section */
	};
	rootObject = A7DE13A9206BDA4500C3E584 /* Project object */;
}
